
Microsoft Visual Studio Solution File, Format Version 12.00
# Visual Studio Version 16
VisualStudioVersion = 16.0.30709.132
MinimumVisualStudioVersion = 10.0.40219.1
Project("{9A19103F-16F7-4668-BE54-9A1E7A4F7556}") = "BoardGame.Console", "BoardGame.Console\BoardGame.Console.csproj", "{257E9E44-E567-4D9B-98BB-1704DA163270}"
EndProject
Project("{9A19103F-16F7-4668-BE54-9A1E7A4F7556}") = "BoardGame.Tests", "BoardGame.Tests\BoardGame.Tests.csproj", "{0B6C99FE-F6B4-476D-BC44-63B87E659B23}"
EndProject
Project("{9A19103F-16F7-4668-BE54-9A1E7A4F7556}") = "BoardGame.Core", "BardGame.Core\BoardGame.Core.csproj", "{48E84F7A-CFEA-449E-9FFA-770EF8849C78}"
EndProject
Global
	GlobalSection(SolutionConfigurationPlatforms) = preSolution
		Debug|Any CPU = Debug|Any CPU
		Release|Any CPU = Release|Any CPU
	EndGlobalSection
	GlobalSection(ProjectConfigurationPlatforms) = postSolution
		{257E9E44-E567-4D9B-98BB-1704DA163270}.Debug|Any CPU.ActiveCfg = Debug|Any CPU
		{257E9E44-E567-4D9B-98BB-1704DA163270}.Debug|Any CPU.Build.0 = Debug|Any CPU
		{257E9E44-E567-4D9B-98BB-1704DA163270}.Release|Any CPU.ActiveCfg = Release|Any CPU
		{257E9E44-E567-4D9B-98BB-1704DA163270}.Release|Any CPU.Build.0 = Release|Any CPU
		{0B6C99FE-F6B4-476D-BC44-63B87E659B23}.Debug|Any CPU.ActiveCfg = Debug|Any CPU
		{0B6C99FE-F6B4-476D-BC44-63B87E659B23}.Debug|Any CPU.Build.0 = Debug|Any CPU
		{0B6C99FE-F6B4-476D-BC44-63B87E659B23}.Release|Any CPU.ActiveCfg = Release|Any CPU
		{0B6C99FE-F6B4-476D-BC44-63B87E659B23}.Release|Any CPU.Build.0 = Release|Any CPU
		{48E84F7A-CFEA-449E-9FFA-770EF8849C78}.Debug|Any CPU.ActiveCfg = Debug|Any CPU
		{48E84F7A-CFEA-449E-9FFA-770EF8849C78}.Debug|Any CPU.Build.0 = Debug|Any CPU
		{48E84F7A-CFEA-449E-9FFA-770EF8849C78}.Release|Any CPU.ActiveCfg = Release|Any CPU
		{48E84F7A-CFEA-449E-9FFA-770EF8849C78}.Release|Any CPU.Build.0 = Release|Any CPU
	EndGlobalSection
	GlobalSection(SolutionProperties) = preSolution
		HideSolutionNode = FALSE
	EndGlobalSection
	GlobalSection(ExtensibilityGlobals) = postSolution
		SolutionGuid = {ACC24F8D-FABA-4688-81FD-794DE797EE19}
	EndGlobalSection
EndGlobal
